
Microsoft Visual Studio Solution File, Format Version 12.00
# Visual Studio Version 16
VisualStudioVersion = 16.0.32106.194
MinimumVisualStudioVersion = 10.0.40219.1
Project("{9A19103F-16F7-4668-BE54-9A1E7A4F7556}") = "Core", "PingPong.Core\Core.csproj", "{1515C000-33FA-433C-96D9-E9D5C126D048}"
EndProject
Project("{FAE04EC0-301F-11D3-BF4B-00C04F79EFBC}") = "Client", "Client\Client.csproj", "{950892CC-16B7-4FAC-B990-7676A7AD4C47}"
EndProject
Global
	GlobalSection(SolutionConfigurationPlatforms) = preSolution
		Debug|Any CPU = Debug|Any CPU
		Release|Any CPU = Release|Any CPU
	EndGlobalSection
	GlobalSection(ProjectConfigurationPlatforms) = postSolution
		{1515C000-33FA-433C-96D9-E9D5C126D048}.Debug|Any CPU.ActiveCfg = Debug|Any CPU
		{1515C000-33FA-433C-96D9-E9D5C126D048}.Debug|Any CPU.Build.0 = Debug|Any CPU
		{1515C000-33FA-433C-96D9-E9D5C126D048}.Release|Any CPU.ActiveCfg = Release|Any CPU
		{1515C000-33FA-433C-96D9-E9D5C126D048}.Release|Any CPU.Build.0 = Release|Any CPU
		{950892CC-16B7-4FAC-B990-7676A7AD4C47}.Debug|Any CPU.ActiveCfg = Debug|Any CPU
		{950892CC-16B7-4FAC-B990-7676A7AD4C47}.Debug|Any CPU.Build.0 = Debug|Any CPU
		{950892CC-16B7-4FAC-B990-7676A7AD4C47}.Release|Any CPU.ActiveCfg = Release|Any CPU
		{950892CC-16B7-4FAC-B990-7676A7AD4C47}.Release|Any CPU.Build.0 = Release|Any CPU
	EndGlobalSection
	GlobalSection(SolutionProperties) = preSolution
		HideSolutionNode = FALSE
	EndGlobalSection
	GlobalSection(ExtensibilityGlobals) = postSolution
		SolutionGuid = {4305BDCF-424A-4B2C-B1DA-B4AF852C614D}
	EndGlobalSection
EndGlobal
